
Microsoft Visual Studio Solution File, Format Version 12.00
# Visual Studio Version 17
VisualStudioVersion = 17.0.31903.59
MinimumVisualStudioVersion = 10.0.40219.1
Project("{FAE04EC0-301F-11D3-BF4B-00C04F79EFBC}") = "CalcTest", "CalcTest\CalcTest.csproj", "{237F52FB-FE35-4FCD-8895-958FACFB8BBB}"
EndProject
Project("{FAE04EC0-301F-11D3-BF4B-00C04F79EFBC}") = "Calculator", "Calculator\Calculator.csproj", "{B8D171AE-1863-4033-97C0-853A1F13B0BD}"
EndProject
Global
	GlobalSection(SolutionConfigurationPlatforms) = preSolution
		Debug|Any CPU = Debug|Any CPU
		Release|Any CPU = Release|Any CPU
	EndGlobalSection
	GlobalSection(SolutionProperties) = preSolution
		HideSolutionNode = FALSE
	EndGlobalSection
	GlobalSection(ProjectConfigurationPlatforms) = postSolution
		{237F52FB-FE35-4FCD-8895-958FACFB8BBB}.Debug|Any CPU.ActiveCfg = Debug|Any CPU
		{237F52FB-FE35-4FCD-8895-958FACFB8BBB}.Debug|Any CPU.Build.0 = Debug|Any CPU
		{237F52FB-FE35-4FCD-8895-958FACFB8BBB}.Release|Any CPU.ActiveCfg = Release|Any CPU
		{237F52FB-FE35-4FCD-8895-958FACFB8BBB}.Release|Any CPU.Build.0 = Release|Any CPU
		{B8D171AE-1863-4033-97C0-853A1F13B0BD}.Debug|Any CPU.ActiveCfg = Debug|Any CPU
		{B8D171AE-1863-4033-97C0-853A1F13B0BD}.Debug|Any CPU.Build.0 = Debug|Any CPU
		{B8D171AE-1863-4033-97C0-853A1F13B0BD}.Release|Any CPU.ActiveCfg = Release|Any CPU
		{B8D171AE-1863-4033-97C0-853A1F13B0BD}.Release|Any CPU.Build.0 = Release|Any CPU
	EndGlobalSection
EndGlobal
